
Microsoft Visual Studio Solution File, Format Version 12.00
# Visual Studio Version 17
VisualStudioVersion = 17.14.36429.23 d17.14
MinimumVisualStudioVersion = 10.0.40219.1
Project("{FAE04EC0-301F-11D3-BF4B-00C04F79EFBC}") = "ThreadsAct", "ThreadsAct\ThreadsAct.csproj", "{94E6A8C8-BF94-43D5-8632-B99FC638AA32}"
EndProject
Global
	GlobalSection(SolutionConfigurationPlatforms) = preSolution
		Debug|Any CPU = Debug|Any CPU
		Release|Any CPU = Release|Any CPU
	EndGlobalSection
	GlobalSection(ProjectConfigurationPlatforms) = postSolution
		{94E6A8C8-BF94-43D5-8632-B99FC638AA32}.Debug|Any CPU.ActiveCfg = Debug|Any CPU
		{94E6A8C8-BF94-43D5-8632-B99FC638AA32}.Debug|Any CPU.Build.0 = Debug|Any CPU
		{94E6A8C8-BF94-43D5-8632-B99FC638AA32}.Release|Any CPU.ActiveCfg = Release|Any CPU
		{94E6A8C8-BF94-43D5-8632-B99FC638AA32}.Release|Any CPU.Build.0 = Release|Any CPU
	EndGlobalSection
	GlobalSection(SolutionProperties) = preSolution
		HideSolutionNode = FALSE
	EndGlobalSection
	GlobalSection(ExtensibilityGlobals) = postSolution
		SolutionGuid = {3D0FB398-E4C2-4A13-BA35-DD6171BD38F0}
	EndGlobalSection
EndGlobal
